Microsoft Visual Studio Solution File, Format Version 11.00
# Visual Studio 2008

Project("{0370E3AD-CC80-C0A9-2903-164F4B9FC5CE}") = "Tri Towers", "Assembly-CSharp.csproj", "{B13AD8A8-EECA-8F21-3E13-5F7F55ADE5A0}"
EndProject
Project("{0370E3AD-CC80-C0A9-2903-164F4B9FC5CE}") = "Tri Towers", "Assembly-CSharp-Editor.csproj", "{F6D4496B-FDA0-F901-4F58-EB06A18CAC90}"
EndProject
Global
	GlobalSection(SolutionConfigurationPlatforms) = preSolution
		Debug|Any CPU = Debug|Any CPU
		Release|Any CPU = Release|Any CPU
	EndGlobalSection
	GlobalSection(ProjectConfigurationPlatforms) = postSolution
		{B13AD8A8-EECA-8F21-3E13-5F7F55ADE5A0}.Debug|Any CPU.ActiveCfg = Debug|Any CPU
		{B13AD8A8-EECA-8F21-3E13-5F7F55ADE5A0}.Debug|Any CPU.Build.0 = Debug|Any CPU
		{B13AD8A8-EECA-8F21-3E13-5F7F55ADE5A0}.Release|Any CPU.ActiveCfg = Release|Any CPU
		{B13AD8A8-EECA-8F21-3E13-5F7F55ADE5A0}.Release|Any CPU.Build.0 = Release|Any CPU
		{F6D4496B-FDA0-F901-4F58-EB06A18CAC90}.Debug|Any CPU.ActiveCfg = Debug|Any CPU
		{F6D4496B-FDA0-F901-4F58-EB06A18CAC90}.Debug|Any CPU.Build.0 = Debug|Any CPU
		{F6D4496B-FDA0-F901-4F58-EB06A18CAC90}.Release|Any CPU.ActiveCfg = Release|Any CPU
		{F6D4496B-FDA0-F901-4F58-EB06A18CAC90}.Release|Any CPU.Build.0 = Release|Any CPU
	EndGlobalSection
	GlobalSection(SolutionProperties) = preSolution
		HideSolutionNode = FALSE
	EndGlobalSection
																																																																																																																																				GlobalSection(MonoDevelopProperties) = preSolution
=======
																																						GlobalSection(MonoDevelopProperties) = preSolution
>>>>>>> origin/master
		StartupItem = Assembly-CSharp.csproj
		Policies = $0
		$0.TextStylePolicy = $1
		$1.inheritsSet = null
		$1.scope = text/x-csharp
		$0.CSharpFormattingPolicy = $2
		$2.inheritsSet = Mono
		$2.inheritsScope = text/x-csharp
		$2.scope = text/x-csharp
		$0.TextStylePolicy = $3
		$3.FileWidth = 120
		$3.TabWidth = 4
		$3.IndentWidth = 4
		$3.EolMarker = Unix
		$3.inheritsSet = Mono
		$3.inheritsScope = text/plain
		$3.scope = text/plain
	EndGlobalSection

EndGlobal
